// !$*UTF8*$!
{
	archiveVersion = 1;
	classes = {
	};
	objectVersion = 46;
	objects = {

/* Begin PBXBuildFile section */
		278726BB196103BE0045DA39 /* Cocoa.framework in Frameworks */ = {isa = PBXBuildFile; fileRef = 278726BA196103BE0045DA39 /* Cocoa.framework */; };
		278726C5196103BE0045DA39 /* InfoPlist.strings in Resources */ = {isa = PBXBuildFile; fileRef = 278726C3196103BE0045DA39 /* InfoPlist.strings */; };
		278726C7196103BE0045DA39 /* main.m in Sources */ = {isa = PBXBuildFile; fileRef = 278726C6196103BE0045DA39 /* main.m */; };
		278726CB196103BE0045DA39 /* Credits.rtf in Resources */ = {isa = PBXBuildFile; fileRef = 278726C9196103BE0045DA39 /* Credits.rtf */; };
		278726CE196103BE0045DA39 /* AppDelegate.m in Sources */ = {isa = PBXBuildFile; fileRef = 278726CD196103BE0045DA39 /* AppDelegate.m */; };
		278726D1196103BE0045DA39 /* MainMenu.xib in Resources */ = {isa = PBXBuildFile; fileRef = 278726CF196103BE0045DA39 /* MainMenu.xib */; };
		278726D3196103BE0045DA39 /* Images.xcassets in Resources */ = {isa = PBXBuildFile; fileRef = 278726D2196103BE0045DA39 /* Images.xcassets */; };
		278726DA196103BE0045DA39 /* XCTest.framework in Frameworks */ = {isa = PBXBuildFile; fileRef = 278726D9196103BE0045DA39 /* XCTest.framework */; };
		278726DB196103BE0045DA39 /* Cocoa.framework in Frameworks */ = {isa = PBXBuildFile; fileRef = 278726BA196103BE0045DA39 /* Cocoa.framework */; };
		278726E3196103BE0045DA39 /* InfoPlist.strings in Resources */ = {isa = PBXBuildFile; fileRef = 278726E1196103BE0045DA39 /* InfoPlist.strings */; };
		278726E5196103BE0045DA39 /* umtTests.m in Sources */ = {isa = PBXBuildFile; fileRef = 278726E4196103BE0045DA39 /* umtTests.m */; };
/* End PBXBuildFile section */

/* Begin PBXContainerItemProxy section */
		278726DC196103BE0045DA39 /* PBXContainerItemProxy */ = {
			isa = PBXContainerItemProxy;
			containerPortal = 278726AF196103BE0045DA39 /* Project object */;
			proxyType = 1;
			remoteGlobalIDString = 278726B6196103BE0045DA39;
			remoteInfo = umt;
		};
/* End PBXContainerItemProxy section */

/* Begin PBXFileReference section */
		278726B7196103BE0045DA39 /* umt.app */ = {isa = PBXFileReference; explicitFileType = wrapper.application; includeInIndex = 0; path = umt.app; sourceTree = BUILT_PRODUCTS_DIR; };
		278726BA196103BE0045DA39 /* Cocoa.framework */ = {isa = PBXFileReference; lastKnownFileType = wrapper.framework; name = Cocoa.framework; path = System/Library/Frameworks/Cocoa.framework; sourceTree = SDKROOT; };
		278726BD196103BE0045DA39 /* AppKit.framework */ = {isa = PBXFileReference; lastKnownFileType = wrapper.framework; name = AppKit.framework; path = System/Library/Frameworks/AppKit.framework; sourceTree = SDKROOT; };
		278726BE196103BE0045DA39 /* CoreData.framework */ = {isa = PBXFileReference; lastKnownFileType = wrapper.framework; name = CoreData.framework; path = System/Library/Frameworks/CoreData.framework; sourceTree = SDKROOT; };
		278726BF196103BE0045DA39 /* Foundation.framework */ = {isa = PBXFileReference; lastKnownFileType = wrapper.framework; name = Foundation.framework; path = System/Library/Frameworks/Foundation.framework; sourceTree = SDKROOT; };
		278726C2196103BE0045DA39 /* umt-Info.plist */ = {isa = PBXFileReference; lastKnownFileType = text.plist.xml; path = "umt-Info.plist"; sourceTree = "<group>"; };
		278726C4196103BE0045DA39 /* en */ = {isa = PBXFileReference; lastKnownFileType = text.plist.strings; name = en; path = en.lproj/InfoPlist.strings; sourceTree = "<group>"; };
		278726C6196103BE0045DA39 /* main.m */ = {isa = PBXFileReference; lastKnownFileType = sourcecode.c.objc; path = main.m; sourceTree = "<group>"; };
		278726C8196103BE0045DA39 /* umt-Prefix.pch */ = {isa = PBXFileReference; lastKnownFileType = sourcecode.c.h; path = "umt-Prefix.pch"; sourceTree = "<group>"; };
		278726CA196103BE0045DA39 /* en */ = {isa = PBXFileReference; lastKnownFileType = text.rtf; name = en; path = en.lproj/Credits.rtf; sourceTree = "<group>"; };
		278726CC196103BE0045DA39 /* AppDelegate.h */ = {isa = PBXFileReference; lastKnownFileType = sourcecode.c.h; path = AppDelegate.h; sourceTree = "<group>"; };
		278726CD196103BE0045DA39 /* AppDelegate.m */ = {isa = PBXFileReference; lastKnownFileType = sourcecode.c.objc; path = AppDelegate.m; sourceTree = "<group>"; };
		278726D0196103BE0045DA39 /* Base */ = {isa = PBXFileReference; lastKnownFileType = file.xib; name = Base; path = Base.lproj/MainMenu.xib; sourceTree = "<group>"; };
		278726D2196103BE0045DA39 /* Images.xcassets */ = {isa = PBXFileReference; lastKnownFileType = folder.assetcatalog; path = Images.xcassets; sourceTree = "<group>"; };
		278726D8196103BE0045DA39 /* umtTests.xctest */ = {isa = PBXFileReference; explicitFileType = wrapper.cfbundle; includeInIndex = 0; path = umtTests.xctest; sourceTree = BUILT_PRODUCTS_DIR; };
		278726D9196103BE0045DA39 /* XCTest.framework */ = {isa = PBXFileReference; lastKnownFileType = wrapper.framework; name = XCTest.framework; path = Library/Frameworks/XCTest.framework; sourceTree = DEVELOPER_DIR; };
		278726E0196103BE0045DA39 /* umtTests-Info.plist */ = {isa = PBXFileReference; lastKnownFileType = text.plist.xml; path = "umtTests-Info.plist"; sourceTree = "<group>"; };
		278726E2196103BE0045DA39 /* en */ = {isa = PBXFileReference; lastKnownFileType = text.plist.strings; name = en; path = en.lproj/InfoPlist.strings; sourceTree = "<group>"; };
		278726E4196103BE0045DA39 /* umtTests.m */ = {isa = PBXFileReference; lastKnownFileType = sourcecode.c.objc; path = umtTests.m; sourceTree = "<group>"; };
/* End PBXFileReference section */

/* Begin PBXFrameworksBuildPhase section */
		278726B4196103BE0045DA39 /* Frameworks */ = {
			isa = PBXFrameworksBuildPhase;
			buildActionMask = 2147483647;
			files = (
				278726BB196103BE0045DA39 /* Cocoa.framework in Frameworks */,
			);
			runOnlyForDeploymentPostprocessing = 0;
		};
		278726D5196103BE0045DA39 /* Frameworks */ = {
			isa = PBXFrameworksBuildPhase;
			buildActionMask = 2147483647;
			files = (
				278726DB196103BE0045DA39 /* Cocoa.framework in Frameworks */,
				278726DA196103BE0045DA39 /* XCTest.framework in Frameworks */,
			);
			runOnlyForDeploymentPostprocessing = 0;
		};
/* End PBXFrameworksBuildPhase section */

/* Begin PBXGroup section */
		278726AE196103BD0045DA39 = {
			isa = PBXGroup;
			children = (
				278726C0196103BE0045DA39 /* umt */,
				278726DE196103BE0045DA39 /* umtTests */,
				278726B9196103BE0045DA39 /* Frameworks */,
				278726B8196103BE0045DA39 /* Products */,
			);
			sourceTree = "<group>";
		};
		278726B8196103BE0045DA39 /* Products */ = {
			isa = PBXGroup;
			children = (
				278726B7196103BE0045DA39 /* umt.app */,
				278726D8196103BE0045DA39 /* umtTests.xctest */,
			);
			name = Products;
			sourceTree = "<group>";
		};
		278726B9196103BE0045DA39 /* Frameworks */ = {
			isa = PBXGroup;
			children = (
				278726BA196103BE0045DA39 /* Cocoa.framework */,
				278726D9196103BE0045DA39 /* XCTest.framework */,
				278726BC196103BE0045DA39 /* Other Frameworks */,
			);
			name = Frameworks;
			sourceTree = "<group>";
		};
		278726BC196103BE0045DA39 /* Other Frameworks */ = {
			isa = PBXGroup;
			children = (
				278726BD196103BE0045DA39 /* AppKit.framework */,
				278726BE196103BE0045DA39 /* CoreData.framework */,
				278726BF196103BE0045DA39 /* Foundation.framework */,
			);
			name = "Other Frameworks";
			sourceTree = "<group>";
		};
		278726C0196103BE0045DA39 /* umt */ = {
			isa = PBXGroup;
			children = (
				278726CC196103BE0045DA39 /* AppDelegate.h */,
				278726CD196103BE0045DA39 /* AppDelegate.m */,
				278726CF196103BE0045DA39 /* MainMenu.xib */,
				278726D2196103BE0045DA39 /* Images.xcassets */,
				278726C1196103BE0045DA39 /* Supporting Files */,
			);
			path = umt;
			sourceTree = "<group>";
		};
		278726C1196103BE0045DA39 /* Supporting Files */ = {
			isa = PBXGroup;
			children = (
				278726C2196103BE0045DA39 /* umt-Info.plist */,
				278726C3196103BE0045DA39 /* InfoPlist.strings */,
				278726C6196103BE0045DA39 /* main.m */,
				278726C8196103BE0045DA39 /* umt-Prefix.pch */,
				278726C9196103BE0045DA39 /* Credits.rtf */,
			);
			name = "Supporting Files";
			sourceTree = "<group>";
		};
		278726DE196103BE0045DA39 /* umtTests */ = {
			isa = PBXGroup;
			children = (
				278726E4196103BE0045DA39 /* umtTests.m */,
				278726DF196103BE0045DA39 /* Supporting Files */,
			);
			path = umtTests;
			sourceTree = "<group>";
		};
		278726DF196103BE0045DA39 /* Supporting Files */ = {
			isa = PBXGroup;
			children = (
				278726E0196103BE0045DA39 /* umtTests-Info.plist */,
				278726E1196103BE0045DA39 /* InfoPlist.strings */,
			);
			name = "Supporting Files";
			sourceTree = "<group>";
		};
/* End PBXGroup section */

/* Begin PBXNativeTarget section */
		278726B6196103BE0045DA39 /* umt */ = {
			isa = PBXNativeTarget;
			buildConfigurationList = 278726E8196103BE0045DA39 /* Build configuration list for PBXNativeTarget "umt" */;
			buildPhases = (
				278726B3196103BE0045DA39 /* Sources */,
				278726B4196103BE0045DA39 /* Frameworks */,
				278726B5196103BE0045DA39 /* Resources */,
			);
			buildRules = (
			);
			dependencies = (
			);
			name = umt;
			productName = umt;
			productReference = 278726B7196103BE0045DA39 /* umt.app */;
			productType = "com.apple.product-type.application";
		};
		278726D7196103BE0045DA39 /* umtTests */ = {
			isa = PBXNativeTarget;
			buildConfigurationList = 278726EB196103BE0045DA39 /* Build configuration list for PBXNativeTarget "umtTests" */;
			buildPhases = (
				278726D4196103BE0045DA39 /* Sources */,
				278726D5196103BE0045DA39 /* Frameworks */,
				278726D6196103BE0045DA39 /* Resources */,
			);
			buildRules = (
			);
			dependencies = (
				278726DD196103BE0045DA39 /* PBXTargetDependency */,
			);
			name = umtTests;
			productName = umtTests;
			productReference = 278726D8196103BE0045DA39 /* umtTests.xctest */;
			productType = "com.apple.product-type.bundle.unit-test";
		};
/* End PBXNativeTarget section */

/* Begin PBXProject section */
		278726AF196103BE0045DA39 /* Project object */ = {
			isa = PBXProject;
			attributes = {
				LastUpgradeCheck = 0500;
				ORGANIZATIONNAME = "Tyler Gillies";
				TargetAttributes = {
					278726D7196103BE0045DA39 = {
						TestTargetID = 278726B6196103BE0045DA39;
					};
				};
			};
			buildConfigurationList = 278726B2196103BE0045DA39 /* Build configuration list for PBXProject "umt" */;
			compatibilityVersion = "Xcode 3.2";
			developmentRegion = English;
			hasScannedForEncodings = 0;
			knownRegions = (
				en,
				Base,
			);
			mainGroup = 278726AE196103BD0045DA39;
			productRefGroup = 278726B8196103BE0045DA39 /* Products */;
			projectDirPath = "";
			projectRoot = "";
			targets = (
				278726B6196103BE0045DA39 /* umt */,
				278726D7196103BE0045DA39 /* umtTests */,
			);
		};
/* End PBXProject section */

/* Begin PBXResourcesBuildPhase section */
		278726B5196103BE0045DA39 /* Resources */ = {
			isa = PBXResourcesBuildPhase;
			buildActionMask = 2147483647;
			files = (
				278726C5196103BE0045DA39 /* InfoPlist.strings in Resources */,
				278726D3196103BE0045DA39 /* Images.xcassets in Resources */,
				278726CB196103BE0045DA39 /* Credits.rtf in Resources */,
				278726D1196103BE0045DA39 /* MainMenu.xib in Resources */,
			);
			runOnlyForDeploymentPostprocessing = 0;
		};
		278726D6196103BE0045DA39 /* Resources */ = {
			isa = PBXResourcesBuildPhase;
			buildActionMask = 2147483647;
			files = (
				278726E3196103BE0045DA39 /* InfoPlist.strings in Resources */,
			);
			runOnlyForDeploymentPostprocessing = 0;
		};
/* End PBXResourcesBuildPhase section */

/* Begin PBXSourcesBuildPhase section */
		278726B3196103BE0045DA39 /* Sources */ = {
			isa = PBXSourcesBuildPhase;
			buildActionMask = 2147483647;
			files = (
				278726CE196103BE0045DA39 /* AppDelegate.m in Sources */,
				278726C7196103BE0045DA39 /* main.m in Sources */,
			);
			runOnlyForDeploymentPostprocessing = 0;
		};
		278726D4196103BE0045DA39 /* Sources */ = {
			isa = PBXSourcesBuildPhase;
			buildActionMask = 2147483647;
			files = (
				278726E5196103BE0045DA39 /* umtTests.m in Sources */,
			);
			runOnlyForDeploymentPostprocessing = 0;
		};
/* End PBXSourcesBuildPhase section */

/* Begin PBXTargetDependency section */
		278726DD196103BE0045DA39 /* PBXTargetDependency */ = {
			isa = PBXTargetDependency;
			target = 278726B6196103BE0045DA39 /* umt */;
			targetProxy = 278726DC196103BE0045DA39 /* PBXContainerItemProxy */;
		};
/* End PBXTargetDependency section */

/* Begin PBXVariantGroup section */
		278726C3196103BE0045DA39 /* InfoPlist.strings */ = {
			isa = PBXVariantGroup;
			children = (
				278726C4196103BE0045DA39 /* en */,
			);
			name = InfoPlist.strings;
			sourceTree = "<group>";
		};
		278726C9196103BE0045DA39 /* Credits.rtf */ = {
			isa = PBXVariantGroup;
			children = (
				278726CA196103BE0045DA39 /* en */,
			);
			name = Credits.rtf;
			sourceTree = "<group>";
		};
		278726CF196103BE0045DA39 /* MainMenu.xib */ = {
			isa = PBXVariantGroup;
			children = (
				278726D0196103BE0045DA39 /* Base */,
			);
			name = MainMenu.xib;
			sourceTree = "<group>";
		};
		278726E1196103BE0045DA39 /* InfoPlist.strings */ = {
			isa = PBXVariantGroup;
			children = (
				278726E2196103BE0045DA39 /* en */,
			);
			name = InfoPlist.strings;
			sourceTree = "<group>";
		};
/* End PBXVariantGroup section */

/* Begin XCBuildConfiguration section */
		278726E6196103BE0045DA39 /* Debug */ = {
			isa = XCBuildConfiguration;
			buildSettings = {
				ALWAYS_SEARCH_USER_PATHS = NO;
				CLANG_CXX_LANGUAGE_STANDARD = "gnu++0x";
				CLANG_CXX_LIBRARY = "libc++";
				CLANG_ENABLE_OBJC_ARC = YES;
				CLANG_WARN_BOOL_CONVERSION = YES;
				CLANG_WARN_CONSTANT_CONVERSION = YES;
				CLANG_WARN_DIRECT_OBJC_ISA_USAGE = YES_ERROR;
				CLANG_WARN_EMPTY_BODY = YES;
				CLANG_WARN_ENUM_CONVERSION = YES;
				CLANG_WARN_INT_CONVERSION = YES;
				CLANG_WARN_OBJC_ROOT_CLASS = YES_ERROR;
				CLANG_WARN__DUPLICATE_METHOD_MATCH = YES;
				COPY_PHASE_STRIP = NO;
				GCC_C_LANGUAGE_STANDARD = gnu99;
				GCC_DYNAMIC_NO_PIC = NO;
				GCC_ENABLE_OBJC_EXCEPTIONS = YES;
				GCC_OPTIMIZATION_LEVEL = 0;
				GCC_PREPROCESSOR_DEFINITIONS = (
					"DEBUG=1",
					"$(inherited)",
				);
				GCC_SYMBOLS_PRIVATE_EXTERN = NO;
				GCC_WARN_64_TO_32_BIT_CONVERSION = YES;
				GCC_WARN_ABOUT_RETURN_TYPE = YES_ERROR;
				GCC_WARN_UNDECLARED_SELECTOR = YES;
				GCC_WARN_UNINITIALIZED_AUTOS = YES;
				GCC_WARN_UNUSED_FUNCTION = YES;
				GCC_WARN_UNUSED_VARIABLE = YES;
				MACOSX_DEPLOYMENT_TARGET = 10.9;
				ONLY_ACTIVE_ARCH = YES;
				SDKROOT = macosx;
			};
			name = Debug;
		};
		278726E7196103BE0045DA39 /* Release */ = {
			isa = XCBuildConfiguration;
			buildSettings = {
				ALWAYS_SEARCH_USER_PATHS = NO;
				CLANG_CXX_LANGUAGE_STANDARD = "gnu++0x";
				CLANG_CXX_LIBRARY = "libc++";
				CLANG_ENABLE_OBJC_ARC = YES;
				CLANG_WARN_BOOL_CONVERSION = YES;
				CLANG_WARN_CONSTANT_CONVERSION = YES;
				CLANG_WARN_DIRECT_OBJC_ISA_USAGE = YES_ERROR;
				CLANG_WARN_EMPTY_BODY = YES;
				CLANG_WARN_ENUM_CONVERSION = YES;
				CLANG_WARN_INT_CONVERSION = YES;
				CLANG_WARN_OBJC_ROOT_CLASS = YES_ERROR;
				CLANG_WARN__DUPLICATE_METHOD_MATCH = YES;
				COPY_PHASE_STRIP = YES;
				DEBUG_INFORMATION_FORMAT = "dwarf-with-dsym";
				ENABLE_NS_ASSERTIONS = NO;
				GCC_C_LANGUAGE_STANDARD = gnu99;
				GCC_ENABLE_OBJC_EXCEPTIONS = YES;
				GCC_WARN_64_TO_32_BIT_CONVERSION = YES;
				GCC_WARN_ABOUT_RETURN_TYPE = YES_ERROR;
				GCC_WARN_UNDECLARED_SELECTOR = YES;
				GCC_WARN_UNINITIALIZED_AUTOS = YES;
				GCC_WARN_UNUSED_FUNCTION = YES;
				GCC_WARN_UNUSED_VARIABLE = YES;
				MACOSX_DEPLOYMENT_TARGET = 10.9;
				SDKROOT = macosx;
			};
			name = Release;
		};
		278726E9196103BE0045DA39 /* Debug */ = {
			isa = XCBuildConfiguration;
			buildSettings = {
				ASSETCATALOG_COMPILER_APPICON_NAME = AppIcon;
				COMBINE_HIDPI_IMAGES = YES;
				GCC_PRECOMPILE_PREFIX_HEADER = YES;
				GCC_PREFIX_HEADER = "umt/umt-Prefix.pch";
				INFOPLIST_FILE = "umt/umt-Info.plist";
				PRODUCT_NAME = "$(TARGET_NAME)";
				WRAPPER_EXTENSION = app;
			};
			name = Debug;
		};
		278726EA196103BE0045DA39 /* Release */ = {
			isa = XCBuildConfiguration;
			buildSettings = {
				ASSETCATALOG_COMPILER_APPICON_NAME = AppIcon;
				COMBINE_HIDPI_IMAGES = YES;
				GCC_PRECOMPILE_PREFIX_HEADER = YES;
				GCC_PREFIX_HEADER = "umt/umt-Prefix.pch";
				INFOPLIST_FILE = "umt/umt-Info.plist";
				PRODUCT_NAME = "$(TARGET_NAME)";
				WRAPPER_EXTENSION = app;
			};
			name = Release;
		};
		278726EC196103BE0045DA39 /* Debug */ = {
			isa = XCBuildConfiguration;
			buildSettings = {
				BUNDLE_LOADER = "$(BUILT_PRODUCTS_DIR)/umt.app/Contents/MacOS/umt";
				COMBINE_HIDPI_IMAGES = YES;
				FRAMEWORK_SEARCH_PATHS = (
					"$(DEVELOPER_FRAMEWORKS_DIR)",
					"$(inherited)",
				);
				GCC_PRECOMPILE_PREFIX_HEADER = YES;
				GCC_PREFIX_HEADER = "umt/umt-Prefix.pch";
				GCC_PREPROCESSOR_DEFINITIONS = (
					"DEBUG=1",
					"$(inherited)",
				);
				INFOPLIST_FILE = "umtTests/umtTests-Info.plist";
				PRODUCT_NAME = "$(TARGET_NAME)";
				TEST_HOST = "$(BUNDLE_LOADER)";
				WRAPPER_EXTENSION = xctest;
			};
			name = Debug;
		};
		278726ED196103BE0045DA39 /* Release */ = {
			isa = XCBuildConfiguration;
			buildSettings = {
				BUNDLE_LOADER = "$(BUILT_PRODUCTS_DIR)/umt.app/Contents/MacOS/umt";
				COMBINE_HIDPI_IMAGES = YES;
				FRAMEWORK_SEARCH_PATHS = (
					"$(DEVELOPER_FRAMEWORKS_DIR)",
					"$(inherited)",
				);
				GCC_PRECOMPILE_PREFIX_HEADER = YES;
				GCC_PREFIX_HEADER = "umt/umt-Prefix.pch";
				INFOPLIST_FILE = "umtTests/umtTests-Info.plist";
				PRODUCT_NAME = "$(TARGET_NAME)";
				TEST_HOST = "$(BUNDLE_LOADER)";
				WRAPPER_EXTENSION = xctest;
			};
			name = Release;
		};
/* End XCBuildConfiguration section */

/* Begin XCConfigurationList section */
		278726B2196103BE0045DA39 /* Build configuration list for PBXProject "umt" */ = {
			isa = XCConfigurationList;
			buildConfigurations = (
				278726E6196103BE0045DA39 /* Debug */,
				278726E7196103BE0045DA39 /* Release */,
			);
			defaultConfigurationIsVisible = 0;
			defaultConfigurationName = Release;
		};
		278726E8196103BE0045DA39 /* Build configuration list for PBXNativeTarget "umt" */ = {
			isa = XCConfigurationList;
			buildConfigurations = (
				278726E9196103BE0045DA39 /* Debug */,
				278726EA196103BE0045DA39 /* Release */,
			);
			defaultConfigurationIsVisible = 0;
		};
		278726EB196103BE0045DA39 /* Build configuration list for PBXNativeTarget "umtTests" */ = {
			isa = XCConfigurationList;
			buildConfigurations = (
				278726EC196103BE0045DA39 /* Debug */,
				278726ED196103BE0045DA39 /* Release */,
			);
			defaultConfigurationIsVisible = 0;
		};
/* End XCConfigurationList section */
	};
	rootObject = 278726AF196103BE0045DA39 /* Project object */;
}
